
Microsoft Visual Studio Solution File, Format Version 12.00
# Visual Studio Version 17
VisualStudioVersion = 17.7.34031.279
MinimumVisualStudioVersion = 10.0.40219.1
Project("{FAE04EC0-301F-11D3-BF4B-00C04F79EFBC}") = "Back", "Back\Back.csproj", "{19EDFCEB-3CD8-466A-96D6-420BA9C28FF0}"
EndProject
Project("{FAE04EC0-301F-11D3-BF4B-00C04F79EFBC}") = "Front", "Front\Front.csproj", "{34F11B53-6F96-4483-952B-5F2F28155DCD}"
EndProject
Global
	GlobalSection(SolutionConfigurationPlatforms) = preSolution
		Debug|Any CPU = Debug|Any CPU
		Release|Any CPU = Release|Any CPU
	EndGlobalSection
	GlobalSection(ProjectConfigurationPlatforms) = postSolution
		{19EDFCEB-3CD8-466A-96D6-420BA9C28FF0}.Debug|Any CPU.ActiveCfg = Debug|Any CPU
		{19EDFCEB-3CD8-466A-96D6-420BA9C28FF0}.Debug|Any CPU.Build.0 = Debug|Any CPU
		{19EDFCEB-3CD8-466A-96D6-420BA9C28FF0}.Release|Any CPU.ActiveCfg = Release|Any CPU
		{19EDFCEB-3CD8-466A-96D6-420BA9C28FF0}.Release|Any CPU.Build.0 = Release|Any CPU
		{34F11B53-6F96-4483-952B-5F2F28155DCD}.Debug|Any CPU.ActiveCfg = Debug|Any CPU
		{34F11B53-6F96-4483-952B-5F2F28155DCD}.Debug|Any CPU.Build.0 = Debug|Any CPU
		{34F11B53-6F96-4483-952B-5F2F28155DCD}.Release|Any CPU.ActiveCfg = Release|Any CPU
		{34F11B53-6F96-4483-952B-5F2F28155DCD}.Release|Any CPU.Build.0 = Release|Any CPU
	EndGlobalSection
	GlobalSection(SolutionProperties) = preSolution
		HideSolutionNode = FALSE
	EndGlobalSection
	GlobalSection(ExtensibilityGlobals) = postSolution
		SolutionGuid = {31468730-EE96-43CD-B816-83EFE2189CE1}
	EndGlobalSection
EndGlobal
